
Microsoft Visual Studio Solution File, Format Version 12.00
# Visual Studio Version 17
VisualStudioVersion = 17.13.35825.156
MinimumVisualStudioVersion = 10.0.40219.1
Project("{FAE04EC0-301F-11D3-BF4B-00C04F79EFBC}") = "Gwynwhyvaar.TextAdventure.LovecraftBodenGame", "Gwynwhyvaar.TextAdventure.LovecraftBodenGame\Gwynwhyvaar.TextAdventure.LovecraftBodenGame.csproj", "{84FEE29F-96A4-445C-953E-7B1FA765C521}"
EndProject
Project("{FAE04EC0-301F-11D3-BF4B-00C04F79EFBC}") = "Gwynwhyvaar.TextAdventure.LovecraftBodenGame.Shared", "Gwynwhyvaar.TextAdventure.LovecraftBodenGame.Shared\Gwynwhyvaar.TextAdventure.LovecraftBodenGame.Shared.csproj", "{04B8538A-85C9-47C0-A746-D00D2346431D}"
EndProject
Project("{FAE04EC0-301F-11D3-BF4B-00C04F79EFBC}") = "Gwynwhyvaar.TextAdventure.UI", "Gwynwhyvaar.TextAdventure.UI\Gwynwhyvaar.TextAdventure.UI.csproj", "{F17CA55B-3DDD-45EB-A5E3-CA7704659DAA}"
EndProject
Project("{FAE04EC0-301F-11D3-BF4B-00C04F79EFBC}") = "Gwynwhyvaar.TextAdventure.UI.Shared", "Gwynwhyvaar.TextAdventure.UI.Shared\Gwynwhyvaar.TextAdventure.UI.Shared.csproj", "{F0319119-D8DE-4E1B-A46A-77D5B84574C6}"
EndProject
Global
	GlobalSection(SolutionConfigurationPlatforms) = preSolution
		Debug|Any CPU = Debug|Any CPU
		Release|Any CPU = Release|Any CPU
	EndGlobalSection
	GlobalSection(ProjectConfigurationPlatforms) = postSolution
		{84FEE29F-96A4-445C-953E-7B1FA765C521}.Debug|Any CPU.ActiveCfg = Debug|Any CPU
		{84FEE29F-96A4-445C-953E-7B1FA765C521}.Debug|Any CPU.Build.0 = Debug|Any CPU
		{84FEE29F-96A4-445C-953E-7B1FA765C521}.Release|Any CPU.ActiveCfg = Release|Any CPU
		{84FEE29F-96A4-445C-953E-7B1FA765C521}.Release|Any CPU.Build.0 = Release|Any CPU
		{04B8538A-85C9-47C0-A746-D00D2346431D}.Debug|Any CPU.ActiveCfg = Debug|Any CPU
		{04B8538A-85C9-47C0-A746-D00D2346431D}.Debug|Any CPU.Build.0 = Debug|Any CPU
		{04B8538A-85C9-47C0-A746-D00D2346431D}.Release|Any CPU.ActiveCfg = Release|Any CPU
		{04B8538A-85C9-47C0-A746-D00D2346431D}.Release|Any CPU.Build.0 = Release|Any CPU
		{F17CA55B-3DDD-45EB-A5E3-CA7704659DAA}.Debug|Any CPU.ActiveCfg = Debug|Any CPU
		{F17CA55B-3DDD-45EB-A5E3-CA7704659DAA}.Debug|Any CPU.Build.0 = Debug|Any CPU
		{F17CA55B-3DDD-45EB-A5E3-CA7704659DAA}.Release|Any CPU.ActiveCfg = Release|Any CPU
		{F17CA55B-3DDD-45EB-A5E3-CA7704659DAA}.Release|Any CPU.Build.0 = Release|Any CPU
		{F0319119-D8DE-4E1B-A46A-77D5B84574C6}.Debug|Any CPU.ActiveCfg = Debug|Any CPU
		{F0319119-D8DE-4E1B-A46A-77D5B84574C6}.Debug|Any CPU.Build.0 = Debug|Any CPU
		{F0319119-D8DE-4E1B-A46A-77D5B84574C6}.Release|Any CPU.ActiveCfg = Release|Any CPU
		{F0319119-D8DE-4E1B-A46A-77D5B84574C6}.Release|Any CPU.Build.0 = Release|Any CPU
	EndGlobalSection
	GlobalSection(SolutionProperties) = preSolution
		HideSolutionNode = FALSE
	EndGlobalSection
	GlobalSection(ExtensibilityGlobals) = postSolution
		SolutionGuid = {A8EE295B-067B-43BB-A05E-E97154076031}
	EndGlobalSection
EndGlobal
